
Microsoft Visual Studio Solution File, Format Version 12.00
# Visual Studio 2012
Project("{FAE04EC0-301F-11D3-BF4B-00C04F79EFBC}") = "EEPaymentManager", "EEPaymentManager.csproj", "{0DB12334-394F-42D2-80F5-E9F1653B3A1A}"
EndProject
Project("{F184B08F-C81C-45F6-A57F-5ABD9991F28F}") = "TestDrive", "..\Test_nSoftwareSagePayToken1220\TestDrive.vbproj", "{DF36BBD5-AA10-46DF-9434-3C73F58B22B2}"
EndProject
Global
	GlobalSection(SolutionConfigurationPlatforms) = preSolution
		Debug|Any CPU = Debug|Any CPU
		Release|Any CPU = Release|Any CPU
	EndGlobalSection
	GlobalSection(ProjectConfigurationPlatforms) = postSolution
		{0DB12334-394F-42D2-80F5-E9F1653B3A1A}.Debug|Any CPU.ActiveCfg = Debug|Any CPU
		{0DB12334-394F-42D2-80F5-E9F1653B3A1A}.Debug|Any CPU.Build.0 = Debug|Any CPU
		{0DB12334-394F-42D2-80F5-E9F1653B3A1A}.Release|Any CPU.ActiveCfg = Release|Any CPU
		{0DB12334-394F-42D2-80F5-E9F1653B3A1A}.Release|Any CPU.Build.0 = Release|Any CPU
		{DF36BBD5-AA10-46DF-9434-3C73F58B22B2}.Debug|Any CPU.ActiveCfg = Debug|Any CPU
		{DF36BBD5-AA10-46DF-9434-3C73F58B22B2}.Debug|Any CPU.Build.0 = Debug|Any CPU
		{DF36BBD5-AA10-46DF-9434-3C73F58B22B2}.Release|Any CPU.ActiveCfg = Release|Any CPU
		{DF36BBD5-AA10-46DF-9434-3C73F58B22B2}.Release|Any CPU.Build.0 = Release|Any CPU
	EndGlobalSection
	GlobalSection(SolutionProperties) = preSolution
		HideSolutionNode = FALSE
	EndGlobalSection
EndGlobal
